
Microsoft Visual Studio Solution File, Format Version 12.00
# Visual Studio Version 17
VisualStudioVersion = 17.7.34202.233
MinimumVisualStudioVersion = 10.0.40219.1
Project("{FAE04EC0-301F-11D3-BF4B-00C04F79EFBC}") = "WinButNum", "WinButNum\WinButNum.csproj", "{3F0C0B1F-F79C-4FF6-A22F-9BA1D94525A5}"
EndProject
Global
	GlobalSection(SolutionConfigurationPlatforms) = preSolution
		Debug|Any CPU = Debug|Any CPU
		Release|Any CPU = Release|Any CPU
	EndGlobalSection
	GlobalSection(ProjectConfigurationPlatforms) = postSolution
		{3F0C0B1F-F79C-4FF6-A22F-9BA1D94525A5}.Debug|Any CPU.ActiveCfg = Debug|Any CPU
		{3F0C0B1F-F79C-4FF6-A22F-9BA1D94525A5}.Debug|Any CPU.Build.0 = Debug|Any CPU
		{3F0C0B1F-F79C-4FF6-A22F-9BA1D94525A5}.Release|Any CPU.ActiveCfg = Release|Any CPU
		{3F0C0B1F-F79C-4FF6-A22F-9BA1D94525A5}.Release|Any CPU.Build.0 = Release|Any CPU
	EndGlobalSection
	GlobalSection(SolutionProperties) = preSolution
		HideSolutionNode = FALSE
	EndGlobalSection
	GlobalSection(ExtensibilityGlobals) = postSolution
		SolutionGuid = {5D0E5D26-964B-4208-A3EF-3AB10D16BED2}
	EndGlobalSection
EndGlobal
