
Microsoft Visual Studio Solution File, Format Version 12.00
# Visual Studio Version 17
VisualStudioVersion = 17.7.34202.233
MinimumVisualStudioVersion = 10.0.40219.1
Project("{FAE04EC0-301F-11D3-BF4B-00C04F79EFBC}") = "TestStandartDialog", "TestStandartDialog\TestStandartDialog.csproj", "{0C2FB274-2A71-4E45-B506-33C7AEFE5F43}"
EndProject
Global
	GlobalSection(SolutionConfigurationPlatforms) = preSolution
		Debug|Any CPU = Debug|Any CPU
		Release|Any CPU = Release|Any CPU
	EndGlobalSection
	GlobalSection(ProjectConfigurationPlatforms) = postSolution
		{0C2FB274-2A71-4E45-B506-33C7AEFE5F43}.Debug|Any CPU.ActiveCfg = Debug|Any CPU
		{0C2FB274-2A71-4E45-B506-33C7AEFE5F43}.Debug|Any CPU.Build.0 = Debug|Any CPU
		{0C2FB274-2A71-4E45-B506-33C7AEFE5F43}.Release|Any CPU.ActiveCfg = Release|Any CPU
		{0C2FB274-2A71-4E45-B506-33C7AEFE5F43}.Release|Any CPU.Build.0 = Release|Any CPU
	EndGlobalSection
	GlobalSection(SolutionProperties) = preSolution
		HideSolutionNode = FALSE
	EndGlobalSection
	GlobalSection(ExtensibilityGlobals) = postSolution
		SolutionGuid = {C95E3697-B187-44E4-A502-2CD56621CB5C}
	EndGlobalSection
EndGlobal
