
Microsoft Visual Studio Solution File, Format Version 12.00
# Visual Studio Version 17
VisualStudioVersion = 17.7.34202.233
MinimumVisualStudioVersion = 10.0.40219.1
Project("{FAE04EC0-301F-11D3-BF4B-00C04F79EFBC}") = "CustomControlsLibrary", "CustomControlsLibrary\CustomControlsLibrary.csproj", "{0088BF0F-EDE5-45BC-8EBE-E558D204929C}"
EndProject
Global
	GlobalSection(SolutionConfigurationPlatforms) = preSolution
		Debug|Any CPU = Debug|Any CPU
		Release|Any CPU = Release|Any CPU
	EndGlobalSection
	GlobalSection(ProjectConfigurationPlatforms) = postSolution
		{0088BF0F-EDE5-45BC-8EBE-E558D204929C}.Debug|Any CPU.ActiveCfg = Debug|Any CPU
		{0088BF0F-EDE5-45BC-8EBE-E558D204929C}.Debug|Any CPU.Build.0 = Debug|Any CPU
		{0088BF0F-EDE5-45BC-8EBE-E558D204929C}.Release|Any CPU.ActiveCfg = Release|Any CPU
		{0088BF0F-EDE5-45BC-8EBE-E558D204929C}.Release|Any CPU.Build.0 = Release|Any CPU
	EndGlobalSection
	GlobalSection(SolutionProperties) = preSolution
		HideSolutionNode = FALSE
	EndGlobalSection
	GlobalSection(ExtensibilityGlobals) = postSolution
		SolutionGuid = {D306CCBA-56FC-498E-B247-D61B077D1098}
	EndGlobalSection
EndGlobal
