
Microsoft Visual Studio Solution File, Format Version 12.00
# Visual Studio Version 17
VisualStudioVersion = 17.7.34202.233
MinimumVisualStudioVersion = 10.0.40219.1
Project("{FAE04EC0-301F-11D3-BF4B-00C04F79EFBC}") = "TestList2.2", "TestList2.2\TestList2.2.csproj", "{EABB3014-F7CF-4063-8246-D47D9E9FE947}"
EndProject
Global
	GlobalSection(SolutionConfigurationPlatforms) = preSolution
		Debug|Any CPU = Debug|Any CPU
		Release|Any CPU = Release|Any CPU
	EndGlobalSection
	GlobalSection(ProjectConfigurationPlatforms) = postSolution
		{EABB3014-F7CF-4063-8246-D47D9E9FE947}.Debug|Any CPU.ActiveCfg = Debug|Any CPU
		{EABB3014-F7CF-4063-8246-D47D9E9FE947}.Debug|Any CPU.Build.0 = Debug|Any CPU
		{EABB3014-F7CF-4063-8246-D47D9E9FE947}.Release|Any CPU.ActiveCfg = Release|Any CPU
		{EABB3014-F7CF-4063-8246-D47D9E9FE947}.Release|Any CPU.Build.0 = Release|Any CPU
	EndGlobalSection
	GlobalSection(SolutionProperties) = preSolution
		HideSolutionNode = FALSE
	EndGlobalSection
	GlobalSection(ExtensibilityGlobals) = postSolution
		SolutionGuid = {49D50198-906D-4141-9720-EE514C5925F8}
	EndGlobalSection
EndGlobal
